
Microsoft Visual Studio Solution File, Format Version 12.00
# Visual Studio Version 16
VisualStudioVersion = 16.0.29123.88
MinimumVisualStudioVersion = 10.0.40219.1
Project("{FAE04EC0-301F-11D3-BF4B-00C04F79EFBC}") = "PollyPlayer", "PollyPlayer\PollyPlayer.csproj", "{7C2096B9-FAED-48E7-A46B-E5043BF31C6E}"
EndProject
Global
	GlobalSection(SolutionConfigurationPlatforms) = preSolution
		Debug|Any CPU = Debug|Any CPU
		Debug|x64 = Debug|x64
		Debug|x86 = Debug|x86
		Release|Any CPU = Release|Any CPU
		Release|x64 = Release|x64
		Release|x86 = Release|x86
	EndGlobalSection
	GlobalSection(ProjectConfigurationPlatforms) = postSolution
		{7C2096B9-FAED-48E7-A46B-E5043BF31C6E}.Debug|Any CPU.ActiveCfg = Debug|Any CPU
		{7C2096B9-FAED-48E7-A46B-E5043BF31C6E}.Debug|Any CPU.Build.0 = Debug|Any CPU
		{7C2096B9-FAED-48E7-A46B-E5043BF31C6E}.Debug|x64.ActiveCfg = Debug|x64
		{7C2096B9-FAED-48E7-A46B-E5043BF31C6E}.Debug|x64.Build.0 = Debug|x64
		{7C2096B9-FAED-48E7-A46B-E5043BF31C6E}.Debug|x86.ActiveCfg = Debug|x86
		{7C2096B9-FAED-48E7-A46B-E5043BF31C6E}.Debug|x86.Build.0 = Debug|x86
		{7C2096B9-FAED-48E7-A46B-E5043BF31C6E}.Release|Any CPU.ActiveCfg = Release|Any CPU
		{7C2096B9-FAED-48E7-A46B-E5043BF31C6E}.Release|Any CPU.Build.0 = Release|Any CPU
		{7C2096B9-FAED-48E7-A46B-E5043BF31C6E}.Release|x64.ActiveCfg = Release|x64
		{7C2096B9-FAED-48E7-A46B-E5043BF31C6E}.Release|x64.Build.0 = Release|x64
		{7C2096B9-FAED-48E7-A46B-E5043BF31C6E}.Release|x86.ActiveCfg = Release|x86
		{7C2096B9-FAED-48E7-A46B-E5043BF31C6E}.Release|x86.Build.0 = Release|x86
	EndGlobalSection
	GlobalSection(SolutionProperties) = preSolution
		HideSolutionNode = FALSE
	EndGlobalSection
	GlobalSection(ExtensibilityGlobals) = postSolution
		SolutionGuid = {DDD8E8D6-76B3-44E1-B963-700F786200D6}
	EndGlobalSection
EndGlobal
