
Microsoft Visual Studio Solution File, Format Version 12.00
# Visual Studio 15
VisualStudioVersion = 15.0.26730.3
MinimumVisualStudioVersion = 10.0.40219.1
Project("{8BC9CEB8-8B4A-11D0-8D11-00A0C91BC942}") = "InstallVoices", "installvoices\InstallVoices.vcxproj", "{E2B7E58F-08D1-401B-85B8-E20E7BF5117E}"
	ProjectSection(ProjectDependencies) = postProject
		{214761EA-9911-4031-AC43-92CC12536E17} = {214761EA-9911-4031-AC43-92CC12536E17}
	EndProjectSection
EndProject
Project("{8BC9CEB8-8B4A-11D0-8D11-00A0C91BC942}") = "PollyWindowsTTS", "PollyTTSEngine\PollyTTSEngine.vcxproj", "{214761EA-9911-4031-AC43-92CC12536E17}"
EndProject
Global
	GlobalSection(SolutionConfigurationPlatforms) = preSolution
		Debug|x64 = Debug|x64
		Debug|x86 = Debug|x86
		Release|x64 = Release|x64
		Release|x86 = Release|x86
	EndGlobalSection
	GlobalSection(ProjectConfigurationPlatforms) = postSolution
		{E2B7E58F-08D1-401B-85B8-E20E7BF5117E}.Debug|x64.ActiveCfg = Debug|x64
		{E2B7E58F-08D1-401B-85B8-E20E7BF5117E}.Debug|x64.Build.0 = Debug|x64
		{E2B7E58F-08D1-401B-85B8-E20E7BF5117E}.Debug|x86.ActiveCfg = Debug|Win32
		{E2B7E58F-08D1-401B-85B8-E20E7BF5117E}.Debug|x86.Build.0 = Debug|Win32
		{E2B7E58F-08D1-401B-85B8-E20E7BF5117E}.Release|x64.ActiveCfg = Release|x64
		{E2B7E58F-08D1-401B-85B8-E20E7BF5117E}.Release|x64.Build.0 = Release|x64
		{E2B7E58F-08D1-401B-85B8-E20E7BF5117E}.Release|x86.ActiveCfg = Release|Win32
		{E2B7E58F-08D1-401B-85B8-E20E7BF5117E}.Release|x86.Build.0 = Release|Win32
		{214761EA-9911-4031-AC43-92CC12536E17}.Debug|x64.ActiveCfg = Debug|x64
		{214761EA-9911-4031-AC43-92CC12536E17}.Debug|x64.Build.0 = Debug|x64
		{214761EA-9911-4031-AC43-92CC12536E17}.Debug|x86.ActiveCfg = Debug|Win32
		{214761EA-9911-4031-AC43-92CC12536E17}.Debug|x86.Build.0 = Debug|Win32
		{214761EA-9911-4031-AC43-92CC12536E17}.Release|x64.ActiveCfg = Release|x64
		{214761EA-9911-4031-AC43-92CC12536E17}.Release|x64.Build.0 = Release|x64
		{214761EA-9911-4031-AC43-92CC12536E17}.Release|x86.ActiveCfg = Release|Win32
		{214761EA-9911-4031-AC43-92CC12536E17}.Release|x86.Build.0 = Release|Win32
	EndGlobalSection
	GlobalSection(SolutionProperties) = preSolution
		HideSolutionNode = FALSE
	EndGlobalSection
	GlobalSection(ExtensibilityGlobals) = postSolution
		SolutionGuid = {A7FD2A6A-999B-4292-9070-0890441F51AE}
	EndGlobalSection
EndGlobal
