Microsoft Visual Studio Solution File, Format Version 12.00
# Visual Studio 16
Project("{8BC9CEB8-8B4A-11D0-8D11-00A0C91BC942}") = "ALL_BUILD", "ALL_BUILD.vcxproj", "{82698578-79D3-388D-9843-81FA42F4A05E}"
	ProjectSection(ProjectDependencies) = postProject
		{3AE47F79-9012-3889-8A3F-7D0010722792} = {3AE47F79-9012-3889-8A3F-7D0010722792}
		{9945F026-78C5-3563-A919-50D5563447B8} = {9945F026-78C5-3563-A919-50D5563447B8}
	EndProjectSection
EndProject
Project("{8BC9CEB8-8B4A-11D0-8D11-00A0C91BC942}") = "InstallVoices", "InstallVoices.vcxproj", "{3AE47F79-9012-3889-8A3F-7D0010722792}"
	ProjectSection(ProjectDependencies) = postProject
		{9945F026-78C5-3563-A919-50D5563447B8} = {9945F026-78C5-3563-A919-50D5563447B8}
	EndProjectSection
EndProject
Project("{8BC9CEB8-8B4A-11D0-8D11-00A0C91BC942}") = "ZERO_CHECK", "ZERO_CHECK.vcxproj", "{9945F026-78C5-3563-A919-50D5563447B8}"
	ProjectSection(ProjectDependencies) = postProject
	EndProjectSection
EndProject
Global
	GlobalSection(SolutionConfigurationPlatforms) = preSolution
		Debug|Win32 = Debug|Win32
		Release|Win32 = Release|Win32
		MinSizeRel|Win32 = MinSizeRel|Win32
		RelWithDebInfo|Win32 = RelWithDebInfo|Win32
	EndGlobalSection
	GlobalSection(ProjectConfigurationPlatforms) = postSolution
		{82698578-79D3-388D-9843-81FA42F4A05E}.Debug|Win32.ActiveCfg = Debug|Win32
		{82698578-79D3-388D-9843-81FA42F4A05E}.Release|Win32.ActiveCfg = Release|Win32
		{82698578-79D3-388D-9843-81FA42F4A05E}.MinSizeRel|Win32.ActiveCfg = MinSizeRel|Win32
		{82698578-79D3-388D-9843-81FA42F4A05E}.RelWithDebInfo|Win32.ActiveCfg = RelWithDebInfo|Win32
		{3AE47F79-9012-3889-8A3F-7D0010722792}.Debug|Win32.ActiveCfg = Debug|Win32
		{3AE47F79-9012-3889-8A3F-7D0010722792}.Debug|Win32.Build.0 = Debug|Win32
		{3AE47F79-9012-3889-8A3F-7D0010722792}.Release|Win32.ActiveCfg = Release|Win32
		{3AE47F79-9012-3889-8A3F-7D0010722792}.Release|Win32.Build.0 = Release|Win32
		{3AE47F79-9012-3889-8A3F-7D0010722792}.MinSizeRel|Win32.ActiveCfg = MinSizeRel|Win32
		{3AE47F79-9012-3889-8A3F-7D0010722792}.MinSizeRel|Win32.Build.0 = MinSizeRel|Win32
		{3AE47F79-9012-3889-8A3F-7D0010722792}.RelWithDebInfo|Win32.ActiveCfg = RelWithDebInfo|Win32
		{3AE47F79-9012-3889-8A3F-7D0010722792}.RelWithDebInfo|Win32.Build.0 = RelWithDebInfo|Win32
		{9945F026-78C5-3563-A919-50D5563447B8}.Debug|Win32.ActiveCfg = Debug|Win32
		{9945F026-78C5-3563-A919-50D5563447B8}.Debug|Win32.Build.0 = Debug|Win32
		{9945F026-78C5-3563-A919-50D5563447B8}.Release|Win32.ActiveCfg = Release|Win32
		{9945F026-78C5-3563-A919-50D5563447B8}.Release|Win32.Build.0 = Release|Win32
		{9945F026-78C5-3563-A919-50D5563447B8}.MinSizeRel|Win32.ActiveCfg = MinSizeRel|Win32
		{9945F026-78C5-3563-A919-50D5563447B8}.MinSizeRel|Win32.Build.0 = MinSizeRel|Win32
		{9945F026-78C5-3563-A919-50D5563447B8}.RelWithDebInfo|Win32.ActiveCfg = RelWithDebInfo|Win32
		{9945F026-78C5-3563-A919-50D5563447B8}.RelWithDebInfo|Win32.Build.0 = RelWithDebInfo|Win32
	EndGlobalSection
	GlobalSection(ExtensibilityGlobals) = postSolution
		SolutionGuid = {E890BAFE-3620-340A-AE9C-6426843283AF}
	EndGlobalSection
	GlobalSection(ExtensibilityAddIns) = postSolution
	EndGlobalSection
EndGlobal
